
Microsoft Visual Studio Solution File, Format Version 12.00
# Visual Studio Version 17
VisualStudioVersion = 17.14.35906.104 d17.14
MinimumVisualStudioVersion = 10.0.40219.1
Project("{FAE04EC0-301F-11D3-BF4B-00C04F79EFBC}") = "Authy", "Authy\Authy.csproj", "{50FC9D4B-D1DC-4A6E-A968-6DC0DFEF603B}"
EndProject
Global
	GlobalSection(SolutionConfigurationPlatforms) = preSolution
		Debug|ARM = Debug|ARM
		Debug|ARM64 = Debug|ARM64
		Debug|x64 = Debug|x64
		Debug|x86 = Debug|x86
		Release|ARM = Release|ARM
		Release|ARM64 = Release|ARM64
		Release|x64 = Release|x64
		Release|x86 = Release|x86
	EndGlobalSection
	GlobalSection(ProjectConfigurationPlatforms) = postSolution
		{50FC9D4B-D1DC-4A6E-A968-6DC0DFEF603B}.Debug|ARM.ActiveCfg = Debug|ARM
		{50FC9D4B-D1DC-4A6E-A968-6DC0DFEF603B}.Debug|ARM.Build.0 = Debug|ARM
		{50FC9D4B-D1DC-4A6E-A968-6DC0DFEF603B}.Debug|ARM.Deploy.0 = Debug|ARM
		{50FC9D4B-D1DC-4A6E-A968-6DC0DFEF603B}.Debug|ARM64.ActiveCfg = Debug|ARM64
		{50FC9D4B-D1DC-4A6E-A968-6DC0DFEF603B}.Debug|ARM64.Build.0 = Debug|ARM64
		{50FC9D4B-D1DC-4A6E-A968-6DC0DFEF603B}.Debug|ARM64.Deploy.0 = Debug|ARM64
		{50FC9D4B-D1DC-4A6E-A968-6DC0DFEF603B}.Debug|x64.ActiveCfg = Debug|x64
		{50FC9D4B-D1DC-4A6E-A968-6DC0DFEF603B}.Debug|x64.Build.0 = Debug|x64
		{50FC9D4B-D1DC-4A6E-A968-6DC0DFEF603B}.Debug|x64.Deploy.0 = Debug|x64
		{50FC9D4B-D1DC-4A6E-A968-6DC0DFEF603B}.Debug|x86.ActiveCfg = Debug|x86
		{50FC9D4B-D1DC-4A6E-A968-6DC0DFEF603B}.Debug|x86.Build.0 = Debug|x86
		{50FC9D4B-D1DC-4A6E-A968-6DC0DFEF603B}.Debug|x86.Deploy.0 = Debug|x86
		{50FC9D4B-D1DC-4A6E-A968-6DC0DFEF603B}.Release|ARM.ActiveCfg = Release|ARM
		{50FC9D4B-D1DC-4A6E-A968-6DC0DFEF603B}.Release|ARM.Build.0 = Release|ARM
		{50FC9D4B-D1DC-4A6E-A968-6DC0DFEF603B}.Release|ARM.Deploy.0 = Release|ARM
		{50FC9D4B-D1DC-4A6E-A968-6DC0DFEF603B}.Release|ARM64.ActiveCfg = Release|ARM64
		{50FC9D4B-D1DC-4A6E-A968-6DC0DFEF603B}.Release|ARM64.Build.0 = Release|ARM64
		{50FC9D4B-D1DC-4A6E-A968-6DC0DFEF603B}.Release|ARM64.Deploy.0 = Release|ARM64
		{50FC9D4B-D1DC-4A6E-A968-6DC0DFEF603B}.Release|x64.ActiveCfg = Release|x64
		{50FC9D4B-D1DC-4A6E-A968-6DC0DFEF603B}.Release|x64.Build.0 = Release|x64
		{50FC9D4B-D1DC-4A6E-A968-6DC0DFEF603B}.Release|x64.Deploy.0 = Release|x64
		{50FC9D4B-D1DC-4A6E-A968-6DC0DFEF603B}.Release|x86.ActiveCfg = Release|x86
		{50FC9D4B-D1DC-4A6E-A968-6DC0DFEF603B}.Release|x86.Build.0 = Release|x86
		{50FC9D4B-D1DC-4A6E-A968-6DC0DFEF603B}.Release|x86.Deploy.0 = Release|x86
	EndGlobalSection
	GlobalSection(SolutionProperties) = preSolution
		HideSolutionNode = FALSE
	EndGlobalSection
	GlobalSection(ExtensibilityGlobals) = postSolution
		SolutionGuid = {30EDB4F2-6E32-44D8-A98F-48130217DF2C}
	EndGlobalSection
EndGlobal
